PODS:
  - AFNetworking (3.2.1):
    - AFNetworking/NSURLSession (= 3.2.1)
    - AFNetworking/Reachability (= 3.2.1)
    - AFNetworking/Security (= 3.2.1)
    - AFNetworking/Serialization (= 3.2.1)
    - AFNetworking/UIKit (= 3.2.1)
  - AFNetworking/NSURLSession (3.2.1):
    - AFNetworking/Reachability
    - AFNetworking/Security
    - AFNetworking/Serialization
  - AFNetworking/Reachability (3.2.1)
  - AFNetworking/Security (3.2.1)
  - AFNetworking/Serialization (3.2.1)
  - AFNetworking/UIKit (3.2.1):
    - AFNetworking/NSURLSession
  - boost-for-react-native (1.63.0)
  - DoubleConversion (1.1.6)
  - Folly (2018.10.22.00):
    - boost-for-react-native
    - DoubleConversion
    - glog
  - glog (0.3.5)
  - MicoupImagePicker (0.1.0):
    - AFNetworking
    - MRProgress
    - NSString-UrlEncode
    - NYXImagesKit
    - POSInputStreamLibrary
    - React
    - SDWebImage
    - Toast
    - "UIAlertController+Blocks"
    - "UIButton+BackgroundColor"
    - "UIColor+Hex"
  - MRProgress (0.8.3):
    - MRProgress/ActivityIndicator (= 0.8.3)
    - MRProgress/Blur (= 0.8.3)
    - MRProgress/Circular (= 0.8.3)
    - MRProgress/Icons (= 0.8.3)
    - MRProgress/NavigationBarProgress (= 0.8.3)
    - MRProgress/Overlay (= 0.8.3)
  - MRProgress/ActivityIndicator (0.8.3):
    - MRProgress/Stopable
  - MRProgress/Blur (0.8.3):
    - MRProgress/Helper
  - MRProgress/Circular (0.8.3):
    - MRProgress/Helper
    - MRProgress/ProgressBaseClass
    - MRProgress/Stopable
  - MRProgress/Helper (0.8.3)
  - MRProgress/Icons (0.8.3)
  - MRProgress/NavigationBarProgress (0.8.3):
    - MRProgress/ProgressBaseClass
  - MRProgress/Overlay (0.8.3):
    - MRProgress/ActivityIndicator
    - MRProgress/Blur
    - MRProgress/Circular
    - MRProgress/Helper
    - MRProgress/Icons
  - MRProgress/ProgressBaseClass (0.8.3)
  - MRProgress/Stopable (0.8.3):
    - MRProgress/Helper
  - NSString-UrlEncode (2.1.0)
  - NYXImagesKit (2.3)
  - POSInputStreamLibrary (2.3.5)
  - React (0.59.9):
    - React/Core (= 0.59.9)
  - React/ART (0.59.9):
    - React/Core
  - React/Core (0.59.9):
    - yoga (= 0.59.9.React)
  - React/CxxBridge (0.59.9):
    - Folly (= 2018.10.22.00)
    - React/Core
    - React/cxxreact
    - React/jsiexecutor
  - React/cxxreact (0.59.9):
    - boost-for-react-native (= 1.63.0)
    - DoubleConversion
    - Folly (= 2018.10.22.00)
    - glog
    - React/jsinspector
  - React/DevSupport (0.59.9):
    - React/Core
    - React/RCTWebSocket
  - React/fishhook (0.59.9)
  - React/jsi (0.59.9):
    - DoubleConversion
    - Folly (= 2018.10.22.00)
    - glog
  - React/jsiexecutor (0.59.9):
    - DoubleConversion
    - Folly (= 2018.10.22.00)
    - glog
    - React/cxxreact
    - React/jsi
  - React/jsinspector (0.59.9)
  - React/RCTActionSheet (0.59.9):
    - React/Core
  - React/RCTAnimation (0.59.9):
    - React/Core
  - React/RCTBlob (0.59.9):
    - React/Core
  - React/RCTCameraRoll (0.59.9):
    - React/Core
    - React/RCTImage
  - React/RCTGeolocation (0.59.9):
    - React/Core
  - React/RCTImage (0.59.9):
    - React/Core
    - React/RCTNetwork
  - React/RCTNetwork (0.59.9):
    - React/Core
  - React/RCTText (0.59.9):
    - React/Core
  - React/RCTVibration (0.59.9):
    - React/Core
  - React/RCTWebSocket (0.59.9):
    - React/Core
    - React/fishhook
    - React/RCTBlob
  - SDWebImage (5.0.6):
    - SDWebImage/Core (= 5.0.6)
  - SDWebImage/Core (5.0.6)
  - Toast (4.0.0)
  - "UIAlertController+Blocks (0.9.2)"
  - "UIButton+BackgroundColor (0.1)"
  - "UIColor+Hex (1.0.1)":
    - "UIColor+Hex/NSColor (= 1.0.1)"
    - "UIColor+Hex/UIColor (= 1.0.1)"
  - "UIColor+Hex/UIColor (1.0.1)"
  - yoga (0.59.9.React)

DEPENDENCIES:
  - DoubleConversion (from `../node_modules/react-native/third-party-podspecs/DoubleConversion.podspec`)
  - Folly (from `../node_modules/react-native/third-party-podspecs/Folly.podspec`)
  - glog (from `../node_modules/react-native/third-party-podspecs/glog.podspec`)
  - MicoupImagePicker (from `../node_modules/react-native-micoup-image-picker`)
  - React/ART (from `../node_modules/react-native`)
  - React/Core (from `../node_modules/react-native`)
  - React/CxxBridge (from `../node_modules/react-native`)
  - React/DevSupport (from `../node_modules/react-native`)
  - React/RCTActionSheet (from `../node_modules/react-native`)
  - React/RCTAnimation (from `../node_modules/react-native`)
  - React/RCTCameraRoll (from `../node_modules/react-native`)
  - React/RCTGeolocation (from `../node_modules/react-native`)
  - React/RCTImage (from `../node_modules/react-native`)
  - React/RCTNetwork (from `../node_modules/react-native`)
  - React/RCTText (from `../node_modules/react-native`)
  - React/RCTVibration (from `../node_modules/react-native`)
  - React/RCTWebSocket (from `../node_modules/react-native`)
  - yoga (from `../node_modules/react-native/ReactCommon/yoga`)

SPEC REPOS:
  https://github.com/cocoapods/specs.git:
    - AFNetworking
    - boost-for-react-native
    - MRProgress
    - NSString-UrlEncode
    - NYXImagesKit
    - POSInputStreamLibrary
    - SDWebImage
    - Toast
    - "UIAlertController+Blocks"
    - "UIButton+BackgroundColor"
    - "UIColor+Hex"

EXTERNAL SOURCES:
  DoubleConversion:
    :podspec: "../node_modules/react-native/third-party-podspecs/DoubleConversion.podspec"
  Folly:
    :podspec: "../node_modules/react-native/third-party-podspecs/Folly.podspec"
  glog:
    :podspec: "../node_modules/react-native/third-party-podspecs/glog.podspec"
  MicoupImagePicker:
    :path: "../node_modules/react-native-micoup-image-picker"
  React:
    :path: "../node_modules/react-native"
  yoga:
    :path: "../node_modules/react-native/ReactCommon/yoga"

SPEC CHECKSUMS:
  AFNetworking: b6f891fdfaed196b46c7a83cf209e09697b94057
  boost-for-react-native: 39c7adb57c4e60d6c5479dd8623128eb5b3f0f2c
  DoubleConversion: bb338842f62ab1d708ceb63ec3d999f0f3d98ecd
  Folly: de497beb10f102453a1afa9edbf8cf8a251890de
  glog: aefd1eb5dda2ab95ba0938556f34b98e2da3a60d
  MicoupImagePicker: 4175d2b3de95e059e96abcc6c6f52c2e2f875cf3
  MRProgress: 16de7cc9f347e8846797a770db102a323fe7ef09
  NSString-UrlEncode: 92dcb01cac33ef036cda76baf0e4378b18779e47
  NYXImagesKit: 8163e3335a40eaa173ca5bbbf81fafb57d3947eb
  POSInputStreamLibrary: fb9a671bb639c42f3f446f6ab0133164a4c273b8
  React: a86b92f00edbe1873a63e4a212c29b7a7ad5224f
  SDWebImage: 920f1a2ff1ca8296ad34f6e0510a1ef1d70ac965
  Toast: 91b396c56ee72a5790816f40d3a94dd357abc196
  "UIAlertController+Blocks": 80e28b92523fb58aba4d1bccec013d5a0b0bddb2
  "UIButton+BackgroundColor": 86e9b059712698911b504fc1ab1d235627e28aed
  "UIColor+Hex": 9fee91bb8e19f17dd40a79ae1e98949a6a84489d
  yoga: 03ff42a6f223fb88deeaed60249020d80c3091ee

PODFILE CHECKSUM: 13d1465aa71915ca86d1b9a2c1bfbf9a0af66df2

COCOAPODS: 1.7.2
